# THIS IS AN AUTOGENERATED FILE. DO NOT EDIT THIS FILE DIRECTLY.
# yarn lockfile v1


"@algolia/cache-browser-local-storage@4.9.0":
  version "4.9.0"
  resolved "https://registry.yarnpkg.com/@algolia/cache-browser-local-storage/-/cache-browser-local-storage-4.9.0.tgz#9adf95a143b71219b24fa2874de771b58109c9c2"
  integrity sha512-H659baxPygLp1ed5Y+kko9nLhhTRtZ6v2k2cs2/WTErAd6XU+OrvTvsEedUprDYUve/t9NLg95Ka9TK8QEQk1w==
  dependencies:
    "@algolia/cache-common" "4.9.0"

"@algolia/cache-common@4.9.0":
  version "4.9.0"
  resolved "https://registry.yarnpkg.com/@algolia/cache-common/-/cache-common-4.9.0.tgz#ec63d71ec201d0d9eb9946bc58f10e430e982b7b"
  integrity sha512-hBqkLEw1Y7oxEJEVmcdm/s/+KKlvCmSenlX5rrQts5qCNdhdS1QkCvHx8vgFF9J6uliP2TPs+umrrXc+aKsLPw==

"@algolia/cache-in-memory@4.9.0":
  version "4.9.0"
  resolved "https://registry.yarnpkg.com/@algolia/cache-in-memory/-/cache-in-memory-4.9.0.tgz#14287235b7eff46c0c3dae2f05e7816805948804"
  integrity sha512-8q9z8tkIrgPenZl+aTc6MOQleLnanVy+Nsz7Uzga5r9Kb7xpqYKNI9rSJYyBzl7KRxock5v6AOUiFgi45eDnDg==
  dependencies:
    "@algolia/cache-common" "4.9.0"

"@algolia/client-account@4.9.0":
  version "4.9.0"
  resolved "https://registry.yarnpkg.com/@algolia/client-account/-/client-account-4.9.0.tgz#bf8c23d8c7ff9bfa08b480fa27f96cfb489f3263"
  integrity sha512-u9cljyqUnlgHIKazeOA2R820pDZFReRVm3AObiGrxhdKVQ44ZOgAlN+NIqA+c19iFdpulzpkPKxU+Uavcky7JQ==
  dependencies:
    "@algolia/client-common" "4.9.0"
    "@algolia/client-search" "4.9.0"
    "@algolia/transporter" "4.9.0"

"@algolia/client-analytics@4.9.0":
  version "4.9.0"
  resolved "https://registry.yarnpkg.com/@algolia/client-analytics/-/client-analytics-4.9.0.tgz#4d559ffc9c644684fa152500178eafa1df21ba3d"
  integrity sha512-5TafTR/uP9X4EpDOvBK1w4cgc3JpKeokPJqD37q46AH1IGI8UO5Gy1H5LxcGmPTIMdMnuSfiYgRJsyoEO1Co0A==
  dependencies:
    "@algolia/client-common" "4.9.0"
    "@algolia/client-search" "4.9.0"
    "@algolia/requester-common" "4.9.0"
    "@algolia/transporter" "4.9.0"

"@algolia/client-common@4.9.0":
  version "4.9.0"
  resolved "https://registry.yarnpkg.com/@algolia/client-common/-/client-common-4.9.0.tgz#51f9cf66b99e4042647d344bb4dd1cd970de0f81"
  integrity sha512-Rjk4XMXi6B63jdKQwnGbKwIubB5QIgok+k67QwrgadbqVphHueJ3af3D6i3sRcKBBTmdprFAXn0zX/zaxYBhAQ==
  dependencies:
    "@algolia/requester-common" "4.9.0"
    "@algolia/transporter" "4.9.0"

"@algolia/client-recommendation@4.9.0":
  version "4.9.0"
  resolved "https://registry.yarnpkg.com/@algolia/client-recommendation/-/client-recommendation-4.9.0.tgz#24992ff450d82fa982f8a3c9af7b043532cfa64b"
  integrity sha512-6y6uyQmmowuBqMkk4iLeBOkd1qtBpfGJ5/di0S041eHQlD0v9WxyhbZyOopn0XxopSLbQaO22u0rjEcla7KYlA==
  dependencies:
    "@algolia/client-common" "4.9.0"
    "@algolia/requester-common" "4.9.0"
    "@algolia/transporter" "4.9.0"

"@algolia/client-search@4.9.0":
  version "4.9.0"
  resolved "https://registry.yarnpkg.com/@algolia/client-search/-/client-search-4.9.0.tgz#806379940d08cb95f562d93e31c2f0478fc040a4"
  integrity sha512-HFfeUJN6GPHsjfcchmksoqlBLF5gT+jRHmSait4fWtde85eGFyJVL7ubUZD9KjlEjzebmUPPIZ1ixcupaTUBnw==
  dependencies:
    "@algolia/client-common" "4.9.0"
    "@algolia/requester-common" "4.9.0"
    "@algolia/transporter" "4.9.0"

"@algolia/logger-common@4.9.0":
  version "4.9.0"
  resolved "https://registry.yarnpkg.com/@algolia/logger-common/-/logger-common-4.9.0.tgz#488f23c0758ab0cd79f0fcbbd3691fb216a0b0dc"
  integrity sha512-OU8lzR1I8R0Qsgk+u4GOSFpEEKZkzPYZP1OXsw92gejW08k5N6kVLzfvVvgNA1KAeZPFXADdH26VBQ/2M9wF3g==

"@algolia/logger-console@4.9.0":
  version "4.9.0"
  resolved "https://registry.yarnpkg.com/@algolia/logger-console/-/logger-console-4.9.0.tgz#fe6bdd316f163908617874fae9f61e3249ae23a2"
  integrity sha512-CrBU+E2iA4xXnb1rwX3G1ox9O+N+OjxnWccL75sWr1nQ/kh08TPpV7TYAvQEOFEDj8vV1kPeYEMENulbjmVZSA==
  dependencies:
    "@algolia/logger-common" "4.9.0"

"@algolia/requester-browser-xhr@4.9.0":
  version "4.9.0"
  resolved "https://registry.yarnpkg.com/@algolia/requester-browser-xhr/-/requester-browser-xhr-4.9.0.tgz#ae4f39171f74ea3532f66cd39be777eaafe8147d"
  integrity sha512-KJESXTv4z+mDCn1C9b/azUqPTgIFVL/Y4+Eopz6YBg9Lj0C6KQrsW68w0uLJcGSw9o/qBoKcpUo4QNm4/CwrdQ==
  dependencies:
    "@algolia/requester-common" "4.9.0"

"@algolia/requester-common@4.9.0":
  version "4.9.0"
  resolved "https://registry.yarnpkg.com/@algolia/requester-common/-/requester-common-4.9.0.tgz#e65d6fb08d239d86a0076ad32638fe2d8abedaf6"
  integrity sha512-8/ljy4/pnB8d4/yTaJQa2t3oKdbsVq9nDXkwhCACVum8tGYSSGpCtpBGln6M4g+QdfBSQxYILTB1wwHLFUstmg==

"@algolia/requester-node-http@4.9.0":
  version "4.9.0"
  resolved "https://registry.yarnpkg.com/@algolia/requester-node-http/-/requester-node-http-4.9.0.tgz#4cb7cf5b1f4228a3128ccb2700b790a6f81ec7e6"
  integrity sha512-JpkjPXDCgT+Z8G8d/6hxId7+560HeCHoiDcEFr9eWR/kClAOgVwgVH1I64pmH8ucsjL7kdWbkxez7zBzPiV+Tg==
  dependencies:
    "@algolia/requester-common" "4.9.0"

"@algolia/transporter@4.9.0":
  version "4.9.0"
  resolved "https://registry.yarnpkg.com/@algolia/transporter/-/transporter-4.9.0.tgz#8d4cadcee1b848e3b7c3efbfb76f46c3a374afbb"
  integrity sha512-GySLvXwg0DQ2LM0/W+hr9y1Co3QY1iNnhWA82gFhBrz7RWGzw47qEsh//9u/wnjl6S1WOjH+eKm5PaQATG1BXg==
  dependencies:
    "@algolia/cache-common" "4.9.0"
    "@algolia/logger-common" "4.9.0"
    "@algolia/requester-common" "4.9.0"

algoliasearch@^4.9.0:
  version "4.9.0"
  resolved "https://registry.yarnpkg.com/algoliasearch/-/algoliasearch-4.9.0.tgz#76a78632014902845af5f1d7c02a7115e5b53b50"
  integrity sha512-hhlza8j/uCWGe2kSz89HlcexiLxO1wzOKLNPWivNtZeZO5J85agbcMsrKV5+xLFI4LbulP/b/4/IvswxzPrGIw==
  dependencies:
    "@algolia/cache-browser-local-storage" "4.9.0"
    "@algolia/cache-common" "4.9.0"
    "@algolia/cache-in-memory" "4.9.0"
    "@algolia/client-account" "4.9.0"
    "@algolia/client-analytics" "4.9.0"
    "@algolia/client-common" "4.9.0"
    "@algolia/client-recommendation" "4.9.0"
    "@algolia/client-search" "4.9.0"
    "@algolia/logger-common" "4.9.0"
    "@algolia/logger-console" "4.9.0"
    "@algolia/requester-browser-xhr" "4.9.0"
    "@algolia/requester-common" "4.9.0"
    "@algolia/requester-node-http" "4.9.0"
    "@algolia/transporter" "4.9.0"
